
Microsoft Visual Studio Solution File, Format Version 12.00
# Visual Studio Version 16
VisualStudioVersion = 16.0.31727.386
MinimumVisualStudioVersion = 10.0.40219.1
Project("{FAE04EC0-301F-11D3-BF4B-00C04F79EFBC}") = "HouseCaptain.Android", "HouseCaptain\HouseCaptain.Android\HouseCaptain.Android.csproj", "{068BFD34-D3AD-484A-B2BD-BA532435730D}"
EndProject
Project("{FAE04EC0-301F-11D3-BF4B-00C04F79EFBC}") = "HouseCaptain", "HouseCaptain\HouseCaptain\HouseCaptain.csproj", "{E97C5107-CB61-4703-8FE1-2DE919259B5E}"
EndProject
Global
	GlobalSection(SolutionConfigurationPlatforms) = preSolution
		Debug|Any CPU = Debug|Any CPU
		Release|Any CPU = Release|Any CPU
	EndGlobalSection
	GlobalSection(ProjectConfigurationPlatforms) = postSolution
		{068BFD34-D3AD-484A-B2BD-BA532435730D}.Debug|Any CPU.ActiveCfg = Debug|Any CPU
		{068BFD34-D3AD-484A-B2BD-BA532435730D}.Debug|Any CPU.Build.0 = Debug|Any CPU
		{068BFD34-D3AD-484A-B2BD-BA532435730D}.Debug|Any CPU.Deploy.0 = Debug|Any CPU
		{068BFD34-D3AD-484A-B2BD-BA532435730D}.Release|Any CPU.ActiveCfg = Release|Any CPU
		{068BFD34-D3AD-484A-B2BD-BA532435730D}.Release|Any CPU.Build.0 = Release|Any CPU
		{068BFD34-D3AD-484A-B2BD-BA532435730D}.Release|Any CPU.Deploy.0 = Release|Any CPU
		{E97C5107-CB61-4703-8FE1-2DE919259B5E}.Debug|Any CPU.ActiveCfg = Debug|Any CPU
		{E97C5107-CB61-4703-8FE1-2DE919259B5E}.Debug|Any CPU.Build.0 = Debug|Any CPU
		{E97C5107-CB61-4703-8FE1-2DE919259B5E}.Debug|Any CPU.Deploy.0 = Debug|Any CPU
		{E97C5107-CB61-4703-8FE1-2DE919259B5E}.Release|Any CPU.ActiveCfg = Release|Any CPU
		{E97C5107-CB61-4703-8FE1-2DE919259B5E}.Release|Any CPU.Build.0 = Release|Any CPU
		{E97C5107-CB61-4703-8FE1-2DE919259B5E}.Release|Any CPU.Deploy.0 = Release|Any CPU
	EndGlobalSection
	GlobalSection(SolutionProperties) = preSolution
		HideSolutionNode = FALSE
	EndGlobalSection
	GlobalSection(ExtensibilityGlobals) = postSolution
		SolutionGuid = {AE3FE8C4-7248-46B8-A9AC-55D32287B4C2}
	EndGlobalSection
EndGlobal
